
Microsoft Visual Studio Solution File, Format Version 12.00
# Visual Studio Version 16
VisualStudioVersion = 16.0.31613.86
MinimumVisualStudioVersion = 10.0.40219.1
Project("{FAE04EC0-301F-11D3-BF4B-00C04F79EFBC}") = "Week4Lab1", "Week4Lab1\Week4Lab1.csproj", "{9F3B463B-3F81-4B30-85FB-2A04D0A2C174}"
EndProject
Global
	GlobalSection(SolutionConfigurationPlatforms) = preSolution
		Debug|Any CPU = Debug|Any CPU
		Release|Any CPU = Release|Any CPU
	EndGlobalSection
	GlobalSection(ProjectConfigurationPlatforms) = postSolution
		{9F3B463B-3F81-4B30-85FB-2A04D0A2C174}.Debug|Any CPU.ActiveCfg = Debug|Any CPU
		{9F3B463B-3F81-4B30-85FB-2A04D0A2C174}.Debug|Any CPU.Build.0 = Debug|Any CPU
		{9F3B463B-3F81-4B30-85FB-2A04D0A2C174}.Release|Any CPU.ActiveCfg = Release|Any CPU
		{9F3B463B-3F81-4B30-85FB-2A04D0A2C174}.Release|Any CPU.Build.0 = Release|Any CPU
	EndGlobalSection
	GlobalSection(SolutionProperties) = preSolution
		HideSolutionNode = FALSE
	EndGlobalSection
	GlobalSection(ExtensibilityGlobals) = postSolution
		SolutionGuid = {BDADFEB8-F017-4E96-81AC-7E520666CB25}
	EndGlobalSection
EndGlobal
